
Microsoft Visual Studio Solution File, Format Version 12.00
# Visual Studio Version 17
VisualStudioVersion = 17.3.32825.248
MinimumVisualStudioVersion = 10.0.40219.1
Project("{FAE04EC0-301F-11D3-BF4B-00C04F79EFBC}") = "ExamenFinalOptativoIV", "ExamenFinalOptativoIV.csproj", "{80BFBC2E-6687-4270-8133-44916770EDED}"
EndProject
Global
	GlobalSection(SolutionConfigurationPlatforms) = preSolution
		Debug|Any CPU = Debug|Any CPU
		Release|Any CPU = Release|Any CPU
	EndGlobalSection
	GlobalSection(ProjectConfigurationPlatforms) = postSolution
		{80BFBC2E-6687-4270-8133-44916770EDED}.Debug|Any CPU.ActiveCfg = Debug|Any CPU
		{80BFBC2E-6687-4270-8133-44916770EDED}.Debug|Any CPU.Build.0 = Debug|Any CPU
		{80BFBC2E-6687-4270-8133-44916770EDED}.Release|Any CPU.ActiveCfg = Release|Any CPU
		{80BFBC2E-6687-4270-8133-44916770EDED}.Release|Any CPU.Build.0 = Release|Any CPU
	EndGlobalSection
	GlobalSection(SolutionProperties) = preSolution
		HideSolutionNode = FALSE
	EndGlobalSection
	GlobalSection(ExtensibilityGlobals) = postSolution
		SolutionGuid = {24AF0035-6957-43BD-81AC-BE35E5E60E52}
	EndGlobalSection
EndGlobal
